
Microsoft Visual Studio Solution File, Format Version 12.00
# Visual Studio Version 17
VisualStudioVersion = 17.9.34728.123
MinimumVisualStudioVersion = 10.0.40219.1
Project("{FAE04EC0-301F-11D3-BF4B-00C04F79EFBC}") = "Bleh game", "Bleh game\Bleh game.csproj", "{DAA4257F-8F5F-45C7-8ECE-F7524A2BA57C}"
EndProject
Global
	GlobalSection(SolutionConfigurationPlatforms) = preSolution
		Debug|Any CPU = Debug|Any CPU
		Release|Any CPU = Release|Any CPU
	EndGlobalSection
	GlobalSection(ProjectConfigurationPlatforms) = postSolution
		{DAA4257F-8F5F-45C7-8ECE-F7524A2BA57C}.Debug|Any CPU.ActiveCfg = Debug|Any CPU
		{DAA4257F-8F5F-45C7-8ECE-F7524A2BA57C}.Debug|Any CPU.Build.0 = Debug|Any CPU
		{DAA4257F-8F5F-45C7-8ECE-F7524A2BA57C}.Release|Any CPU.ActiveCfg = Release|Any CPU
		{DAA4257F-8F5F-45C7-8ECE-F7524A2BA57C}.Release|Any CPU.Build.0 = Release|Any CPU
	EndGlobalSection
	GlobalSection(SolutionProperties) = preSolution
		HideSolutionNode = FALSE
	EndGlobalSection
	GlobalSection(ExtensibilityGlobals) = postSolution
		SolutionGuid = {0C50DAFE-7CE5-48DB-9E0A-5EBC5083CBA8}
	EndGlobalSection
EndGlobal
